
Microsoft Visual Studio Solution File, Format Version 12.00
# Visual Studio Version 17
VisualStudioVersion = 17.11.35219.272
MinimumVisualStudioVersion = 10.0.40219.1
Project("{9A19103F-16F7-4668-BE54-9A1E7A4F7556}") = "ContactsManager.UI", "ContactsManager.UI\ContactsManager.UI.csproj", "{8F2E6064-58E6-41F3-A1E2-5552B58551BA}"
EndProject
Project("{2150E333-8FDC-42A3-9474-1A3956D46DE8}") = "src", "src", "{03DF3EDD-EDED-44B4-A30B-C8E5B00D69A3}"
EndProject
Project("{2150E333-8FDC-42A3-9474-1A3956D46DE8}") = "tests", "tests", "{D6163595-B392-4A2D-8BAC-9C5F945FB5FC}"
EndProject
Project("{9A19103F-16F7-4668-BE54-9A1E7A4F7556}") = "ContactsManager.Core", "ContactsManager.Core\ContactsManager.Core.csproj", "{4833BB99-30FC-43E5-88D2-1E12C379D296}"
EndProject
Project("{9A19103F-16F7-4668-BE54-9A1E7A4F7556}") = "ContactsManager.Infrastructure", "ContactsManager.Infrastructure\ContactsManager.Infrastructure.csproj", "{DEE70D37-8524-44E5-B730-DCCD6BE7A810}"
EndProject
Project("{FAE04EC0-301F-11D3-BF4B-00C04F79EFBC}") = "ContactsManager.ServiceTests", "ContactsManager.ServiceTests\ContactsManager.ServiceTests.csproj", "{9F0ADD37-6514-4D5A-A584-88F61EF75E2F}"
EndProject
Project("{FAE04EC0-301F-11D3-BF4B-00C04F79EFBC}") = "ContactsManager.ControllerTests", "ContactsManager.ControllerTests\ContactsManager.ControllerTests.csproj", "{8F26C070-11E9-4289-B0A6-AA5EF18134D4}"
EndProject
Project("{FAE04EC0-301F-11D3-BF4B-00C04F79EFBC}") = "ContactsManager.IntegrationTests", "ContactsManager.IntegrationTests\ContactsManager.IntegrationTests.csproj", "{0070CF24-9116-4C14-B45A-E77310A72F1E}"
EndProject
Global
	GlobalSection(SolutionConfigurationPlatforms) = preSolution
		Debug|Any CPU = Debug|Any CPU
		Release|Any CPU = Release|Any CPU
	EndGlobalSection
	GlobalSection(ProjectConfigurationPlatforms) = postSolution
		{8F2E6064-58E6-41F3-A1E2-5552B58551BA}.Debug|Any CPU.ActiveCfg = Debug|Any CPU
		{8F2E6064-58E6-41F3-A1E2-5552B58551BA}.Debug|Any CPU.Build.0 = Debug|Any CPU
		{8F2E6064-58E6-41F3-A1E2-5552B58551BA}.Release|Any CPU.ActiveCfg = Release|Any CPU
		{8F2E6064-58E6-41F3-A1E2-5552B58551BA}.Release|Any CPU.Build.0 = Release|Any CPU
		{4833BB99-30FC-43E5-88D2-1E12C379D296}.Debug|Any CPU.ActiveCfg = Debug|Any CPU
		{4833BB99-30FC-43E5-88D2-1E12C379D296}.Debug|Any CPU.Build.0 = Debug|Any CPU
		{4833BB99-30FC-43E5-88D2-1E12C379D296}.Release|Any CPU.ActiveCfg = Release|Any CPU
		{4833BB99-30FC-43E5-88D2-1E12C379D296}.Release|Any CPU.Build.0 = Release|Any CPU
		{DEE70D37-8524-44E5-B730-DCCD6BE7A810}.Debug|Any CPU.ActiveCfg = Debug|Any CPU
		{DEE70D37-8524-44E5-B730-DCCD6BE7A810}.Debug|Any CPU.Build.0 = Debug|Any CPU
		{DEE70D37-8524-44E5-B730-DCCD6BE7A810}.Release|Any CPU.ActiveCfg = Release|Any CPU
		{DEE70D37-8524-44E5-B730-DCCD6BE7A810}.Release|Any CPU.Build.0 = Release|Any CPU
		{9F0ADD37-6514-4D5A-A584-88F61EF75E2F}.Debug|Any CPU.ActiveCfg = Debug|Any CPU
		{9F0ADD37-6514-4D5A-A584-88F61EF75E2F}.Debug|Any CPU.Build.0 = Debug|Any CPU
		{9F0ADD37-6514-4D5A-A584-88F61EF75E2F}.Release|Any CPU.ActiveCfg = Release|Any CPU
		{9F0ADD37-6514-4D5A-A584-88F61EF75E2F}.Release|Any CPU.Build.0 = Release|Any CPU
		{8F26C070-11E9-4289-B0A6-AA5EF18134D4}.Debug|Any CPU.ActiveCfg = Debug|Any CPU
		{8F26C070-11E9-4289-B0A6-AA5EF18134D4}.Debug|Any CPU.Build.0 = Debug|Any CPU
		{8F26C070-11E9-4289-B0A6-AA5EF18134D4}.Release|Any CPU.ActiveCfg = Release|Any CPU
		{8F26C070-11E9-4289-B0A6-AA5EF18134D4}.Release|Any CPU.Build.0 = Release|Any CPU
		{0070CF24-9116-4C14-B45A-E77310A72F1E}.Debug|Any CPU.ActiveCfg = Debug|Any CPU
		{0070CF24-9116-4C14-B45A-E77310A72F1E}.Debug|Any CPU.Build.0 = Debug|Any CPU
		{0070CF24-9116-4C14-B45A-E77310A72F1E}.Release|Any CPU.ActiveCfg = Release|Any CPU
		{0070CF24-9116-4C14-B45A-E77310A72F1E}.Release|Any CPU.Build.0 = Release|Any CPU
	EndGlobalSection
	GlobalSection(SolutionProperties) = preSolution
		HideSolutionNode = FALSE
	EndGlobalSection
	GlobalSection(NestedProjects) = preSolution
		{8F2E6064-58E6-41F3-A1E2-5552B58551BA} = {03DF3EDD-EDED-44B4-A30B-C8E5B00D69A3}
		{4833BB99-30FC-43E5-88D2-1E12C379D296} = {03DF3EDD-EDED-44B4-A30B-C8E5B00D69A3}
		{DEE70D37-8524-44E5-B730-DCCD6BE7A810} = {03DF3EDD-EDED-44B4-A30B-C8E5B00D69A3}
		{9F0ADD37-6514-4D5A-A584-88F61EF75E2F} = {D6163595-B392-4A2D-8BAC-9C5F945FB5FC}
		{8F26C070-11E9-4289-B0A6-AA5EF18134D4} = {D6163595-B392-4A2D-8BAC-9C5F945FB5FC}
		{0070CF24-9116-4C14-B45A-E77310A72F1E} = {D6163595-B392-4A2D-8BAC-9C5F945FB5FC}
	EndGlobalSection
	GlobalSection(ExtensibilityGlobals) = postSolution
		SolutionGuid = {B317D813-6605-4D9B-A45B-B209F4AA2961}
	EndGlobalSection
EndGlobal
